
Microsoft Visual Studio Solution File, Format Version 12.00
# Visual Studio Version 17
VisualStudioVersion = 17.0.31903.59
MinimumVisualStudioVersion = 10.0.40219.1
Project("{FAE04EC0-301F-11D3-BF4B-00C04F79EFBC}") = "Polecat", "src\Polecat\Polecat.csproj", "{5E86D614-905B-40DC-AC42-645976FA1A23}"
EndProject
Project("{FAE04EC0-301F-11D3-BF4B-00C04F79EFBC}") = "Polecat.Tests", "src\Polecat.Tests\Polecat.Tests.csproj", "{C60BB2BA-0532-4D31-98A0-DA8DD51D0F21}"
EndProject
Project("{2150E333-8FDC-42A3-9474-1A3956D46DE8}") = "src", "src", "{827E0CD3-B72D-47B6-A68D-7590B98EB39B}"
EndProject
Project("{FAE04EC0-301F-11D3-BF4B-00C04F79EFBC}") = "Polecat.CodeGeneration", "src\Polecat.CodeGeneration\Polecat.CodeGeneration.csproj", "{18903BF3-B310-40A0-94B9-77BE786FE312}"
EndProject
Project("{2150E333-8FDC-42A3-9474-1A3956D46DE8}") = "SolutionItems", "SolutionItems", "{6E2D73F6-DC6E-4202-9DCC-0A397B729466}"
	ProjectSection(SolutionItems) = preProject
		.github\workflows\publish.yml = .github\workflows\publish.yml
		marten-gaps.md = marten-gaps.md
		README.md = README.md
	EndProjectSection
EndProject
Project("{FAE04EC0-301F-11D3-BF4B-00C04F79EFBC}") = "Polecat.EntityFrameworkCore", "src\Polecat.EntityFrameworkCore\Polecat.EntityFrameworkCore.csproj", "{4CF8D9F1-1BC6-4025-B3CA-0D79368D8D69}"
EndProject
Project("{FAE04EC0-301F-11D3-BF4B-00C04F79EFBC}") = "Polecat.EntityFrameworkCore.Tests", "src\Polecat.EntityFrameworkCore.Tests\Polecat.EntityFrameworkCore.Tests.csproj", "{0EEAF2E0-DA0A-4F8D-A93D-B2692A4CB493}"
EndProject
Project("{FAE04EC0-301F-11D3-BF4B-00C04F79EFBC}") = "Polecat.AspNetCore", "src\Polecat.AspNetCore\Polecat.AspNetCore.csproj", "{43E9C189-2479-46CB-BD52-C0ABF503DA86}"
EndProject
Project("{FAE04EC0-301F-11D3-BF4B-00C04F79EFBC}") = "Polecat.AspNetCore.Testing", "src\Polecat.AspNetCore.Testing\Polecat.AspNetCore.Testing.csproj", "{E4D704D6-3BCB-4AD8-AA4F-15FF8A8B5FE0}"
EndProject
Global
	GlobalSection(SolutionConfigurationPlatforms) = preSolution
		Debug|Any CPU = Debug|Any CPU
		Debug|x64 = Debug|x64
		Debug|x86 = Debug|x86
		Release|Any CPU = Release|Any CPU
		Release|x64 = Release|x64
		Release|x86 = Release|x86
	EndGlobalSection
	GlobalSection(ProjectConfigurationPlatforms) = postSolution
		{5E86D614-905B-40DC-AC42-645976FA1A23}.Debug|Any CPU.ActiveCfg = Debug|Any CPU
		{5E86D614-905B-40DC-AC42-645976FA1A23}.Debug|Any CPU.Build.0 = Debug|Any CPU
		{5E86D614-905B-40DC-AC42-645976FA1A23}.Debug|x64.ActiveCfg = Debug|Any CPU
		{5E86D614-905B-40DC-AC42-645976FA1A23}.Debug|x64.Build.0 = Debug|Any CPU
		{5E86D614-905B-40DC-AC42-645976FA1A23}.Debug|x86.ActiveCfg = Debug|Any CPU
		{5E86D614-905B-40DC-AC42-645976FA1A23}.Debug|x86.Build.0 = Debug|Any CPU
		{5E86D614-905B-40DC-AC42-645976FA1A23}.Release|Any CPU.ActiveCfg = Release|Any CPU
		{5E86D614-905B-40DC-AC42-645976FA1A23}.Release|Any CPU.Build.0 = Release|Any CPU
		{5E86D614-905B-40DC-AC42-645976FA1A23}.Release|x64.ActiveCfg = Release|Any CPU
		{5E86D614-905B-40DC-AC42-645976FA1A23}.Release|x64.Build.0 = Release|Any CPU
		{5E86D614-905B-40DC-AC42-645976FA1A23}.Release|x86.ActiveCfg = Release|Any CPU
		{5E86D614-905B-40DC-AC42-645976FA1A23}.Release|x86.Build.0 = Release|Any CPU
		{C60BB2BA-0532-4D31-98A0-DA8DD51D0F21}.Debug|Any CPU.ActiveCfg = Debug|Any CPU
		{C60BB2BA-0532-4D31-98A0-DA8DD51D0F21}.Debug|Any CPU.Build.0 = Debug|Any CPU
		{C60BB2BA-0532-4D31-98A0-DA8DD51D0F21}.Debug|x64.ActiveCfg = Debug|Any CPU
		{C60BB2BA-0532-4D31-98A0-DA8DD51D0F21}.Debug|x64.Build.0 = Debug|Any CPU
		{C60BB2BA-0532-4D31-98A0-DA8DD51D0F21}.Debug|x86.ActiveCfg = Debug|Any CPU
		{C60BB2BA-0532-4D31-98A0-DA8DD51D0F21}.Debug|x86.Build.0 = Debug|Any CPU
		{C60BB2BA-0532-4D31-98A0-DA8DD51D0F21}.Release|Any CPU.ActiveCfg = Release|Any CPU
		{C60BB2BA-0532-4D31-98A0-DA8DD51D0F21}.Release|Any CPU.Build.0 = Release|Any CPU
		{C60BB2BA-0532-4D31-98A0-DA8DD51D0F21}.Release|x64.ActiveCfg = Release|Any CPU
		{C60BB2BA-0532-4D31-98A0-DA8DD51D0F21}.Release|x64.Build.0 = Release|Any CPU
		{C60BB2BA-0532-4D31-98A0-DA8DD51D0F21}.Release|x86.ActiveCfg = Release|Any CPU
		{C60BB2BA-0532-4D31-98A0-DA8DD51D0F21}.Release|x86.Build.0 = Release|Any CPU
		{18903BF3-B310-40A0-94B9-77BE786FE312}.Debug|Any CPU.ActiveCfg = Debug|Any CPU
		{18903BF3-B310-40A0-94B9-77BE786FE312}.Debug|Any CPU.Build.0 = Debug|Any CPU
		{18903BF3-B310-40A0-94B9-77BE786FE312}.Debug|x64.ActiveCfg = Debug|Any CPU
		{18903BF3-B310-40A0-94B9-77BE786FE312}.Debug|x64.Build.0 = Debug|Any CPU
		{18903BF3-B310-40A0-94B9-77BE786FE312}.Debug|x86.ActiveCfg = Debug|Any CPU
		{18903BF3-B310-40A0-94B9-77BE786FE312}.Debug|x86.Build.0 = Debug|Any CPU
		{18903BF3-B310-40A0-94B9-77BE786FE312}.Release|Any CPU.ActiveCfg = Release|Any CPU
		{18903BF3-B310-40A0-94B9-77BE786FE312}.Release|Any CPU.Build.0 = Release|Any CPU
		{18903BF3-B310-40A0-94B9-77BE786FE312}.Release|x64.ActiveCfg = Release|Any CPU
		{18903BF3-B310-40A0-94B9-77BE786FE312}.Release|x64.Build.0 = Release|Any CPU
		{18903BF3-B310-40A0-94B9-77BE786FE312}.Release|x86.ActiveCfg = Release|Any CPU
		{18903BF3-B310-40A0-94B9-77BE786FE312}.Release|x86.Build.0 = Release|Any CPU
		{4CF8D9F1-1BC6-4025-B3CA-0D79368D8D69}.Debug|Any CPU.ActiveCfg = Debug|Any CPU
		{4CF8D9F1-1BC6-4025-B3CA-0D79368D8D69}.Debug|Any CPU.Build.0 = Debug|Any CPU
		{4CF8D9F1-1BC6-4025-B3CA-0D79368D8D69}.Debug|x64.ActiveCfg = Debug|Any CPU
		{4CF8D9F1-1BC6-4025-B3CA-0D79368D8D69}.Debug|x64.Build.0 = Debug|Any CPU
		{4CF8D9F1-1BC6-4025-B3CA-0D79368D8D69}.Debug|x86.ActiveCfg = Debug|Any CPU
		{4CF8D9F1-1BC6-4025-B3CA-0D79368D8D69}.Debug|x86.Build.0 = Debug|Any CPU
		{4CF8D9F1-1BC6-4025-B3CA-0D79368D8D69}.Release|Any CPU.ActiveCfg = Release|Any CPU
		{4CF8D9F1-1BC6-4025-B3CA-0D79368D8D69}.Release|Any CPU.Build.0 = Release|Any CPU
		{4CF8D9F1-1BC6-4025-B3CA-0D79368D8D69}.Release|x64.ActiveCfg = Release|Any CPU
		{4CF8D9F1-1BC6-4025-B3CA-0D79368D8D69}.Release|x64.Build.0 = Release|Any CPU
		{4CF8D9F1-1BC6-4025-B3CA-0D79368D8D69}.Release|x86.ActiveCfg = Release|Any CPU
		{4CF8D9F1-1BC6-4025-B3CA-0D79368D8D69}.Release|x86.Build.0 = Release|Any CPU
		{0EEAF2E0-DA0A-4F8D-A93D-B2692A4CB493}.Debug|Any CPU.ActiveCfg = Debug|Any CPU
		{0EEAF2E0-DA0A-4F8D-A93D-B2692A4CB493}.Debug|Any CPU.Build.0 = Debug|Any CPU
		{0EEAF2E0-DA0A-4F8D-A93D-B2692A4CB493}.Debug|x64.ActiveCfg = Debug|Any CPU
		{0EEAF2E0-DA0A-4F8D-A93D-B2692A4CB493}.Debug|x64.Build.0 = Debug|Any CPU
		{0EEAF2E0-DA0A-4F8D-A93D-B2692A4CB493}.Debug|x86.ActiveCfg = Debug|Any CPU
		{0EEAF2E0-DA0A-4F8D-A93D-B2692A4CB493}.Debug|x86.Build.0 = Debug|Any CPU
		{0EEAF2E0-DA0A-4F8D-A93D-B2692A4CB493}.Release|Any CPU.ActiveCfg = Release|Any CPU
		{0EEAF2E0-DA0A-4F8D-A93D-B2692A4CB493}.Release|Any CPU.Build.0 = Release|Any CPU
		{0EEAF2E0-DA0A-4F8D-A93D-B2692A4CB493}.Release|x64.ActiveCfg = Release|Any CPU
		{0EEAF2E0-DA0A-4F8D-A93D-B2692A4CB493}.Release|x64.Build.0 = Release|Any CPU
		{0EEAF2E0-DA0A-4F8D-A93D-B2692A4CB493}.Release|x86.ActiveCfg = Release|Any CPU
		{0EEAF2E0-DA0A-4F8D-A93D-B2692A4CB493}.Release|x86.Build.0 = Release|Any CPU
		{43E9C189-2479-46CB-BD52-C0ABF503DA86}.Debug|Any CPU.ActiveCfg = Debug|Any CPU
		{43E9C189-2479-46CB-BD52-C0ABF503DA86}.Debug|Any CPU.Build.0 = Debug|Any CPU
		{43E9C189-2479-46CB-BD52-C0ABF503DA86}.Debug|x64.ActiveCfg = Debug|Any CPU
		{43E9C189-2479-46CB-BD52-C0ABF503DA86}.Debug|x64.Build.0 = Debug|Any CPU
		{43E9C189-2479-46CB-BD52-C0ABF503DA86}.Debug|x86.ActiveCfg = Debug|Any CPU
		{43E9C189-2479-46CB-BD52-C0ABF503DA86}.Debug|x86.Build.0 = Debug|Any CPU
		{43E9C189-2479-46CB-BD52-C0ABF503DA86}.Release|Any CPU.ActiveCfg = Release|Any CPU
		{43E9C189-2479-46CB-BD52-C0ABF503DA86}.Release|Any CPU.Build.0 = Release|Any CPU
		{43E9C189-2479-46CB-BD52-C0ABF503DA86}.Release|x64.ActiveCfg = Release|Any CPU
		{43E9C189-2479-46CB-BD52-C0ABF503DA86}.Release|x64.Build.0 = Release|Any CPU
		{43E9C189-2479-46CB-BD52-C0ABF503DA86}.Release|x86.ActiveCfg = Release|Any CPU
		{43E9C189-2479-46CB-BD52-C0ABF503DA86}.Release|x86.Build.0 = Release|Any CPU
		{E4D704D6-3BCB-4AD8-AA4F-15FF8A8B5FE0}.Debug|Any CPU.ActiveCfg = Debug|Any CPU
		{E4D704D6-3BCB-4AD8-AA4F-15FF8A8B5FE0}.Debug|Any CPU.Build.0 = Debug|Any CPU
		{E4D704D6-3BCB-4AD8-AA4F-15FF8A8B5FE0}.Debug|x64.ActiveCfg = Debug|Any CPU
		{E4D704D6-3BCB-4AD8-AA4F-15FF8A8B5FE0}.Debug|x64.Build.0 = Debug|Any CPU
		{E4D704D6-3BCB-4AD8-AA4F-15FF8A8B5FE0}.Debug|x86.ActiveCfg = Debug|Any CPU
		{E4D704D6-3BCB-4AD8-AA4F-15FF8A8B5FE0}.Debug|x86.Build.0 = Debug|Any CPU
		{E4D704D6-3BCB-4AD8-AA4F-15FF8A8B5FE0}.Release|Any CPU.ActiveCfg = Release|Any CPU
		{E4D704D6-3BCB-4AD8-AA4F-15FF8A8B5FE0}.Release|Any CPU.Build.0 = Release|Any CPU
		{E4D704D6-3BCB-4AD8-AA4F-15FF8A8B5FE0}.Release|x64.ActiveCfg = Release|Any CPU
		{E4D704D6-3BCB-4AD8-AA4F-15FF8A8B5FE0}.Release|x64.Build.0 = Release|Any CPU
		{E4D704D6-3BCB-4AD8-AA4F-15FF8A8B5FE0}.Release|x86.ActiveCfg = Release|Any CPU
		{E4D704D6-3BCB-4AD8-AA4F-15FF8A8B5FE0}.Release|x86.Build.0 = Release|Any CPU
	EndGlobalSection
	GlobalSection(SolutionProperties) = preSolution
		HideSolutionNode = FALSE
	EndGlobalSection
	GlobalSection(NestedProjects) = preSolution
		{18903BF3-B310-40A0-94B9-77BE786FE312} = {827E0CD3-B72D-47B6-A68D-7590B98EB39B}
		{4CF8D9F1-1BC6-4025-B3CA-0D79368D8D69} = {827E0CD3-B72D-47B6-A68D-7590B98EB39B}
		{0EEAF2E0-DA0A-4F8D-A93D-B2692A4CB493} = {827E0CD3-B72D-47B6-A68D-7590B98EB39B}
		{43E9C189-2479-46CB-BD52-C0ABF503DA86} = {827E0CD3-B72D-47B6-A68D-7590B98EB39B}
		{E4D704D6-3BCB-4AD8-AA4F-15FF8A8B5FE0} = {827E0CD3-B72D-47B6-A68D-7590B98EB39B}
	EndGlobalSection
EndGlobal
